Microsoft Visual Studio Solution File, Format Version 12.00
# Visual Studio Version 17
VisualStudioVersion = 17.5.2.0
MinimumVisualStudioVersion = 10.0.40219.1
Project("{FAE04EC0-301F-11D3-BF4B-00C04F79EFBC}") = "FoodRestaurant", "FoodRestaurant.csproj", "{A9842EE6-185C-E2F6-B9A7-A2DB836F8A71}"
EndProject
Global
	GlobalSection(SolutionConfigurationPlatforms) = preSolution
		Debug|Any CPU = Debug|Any CPU
		Release|Any CPU = Release|Any CPU
	EndGlobalSection
	GlobalSection(ProjectConfigurationPlatforms) = postSolution
		{A9842EE6-185C-E2F6-B9A7-A2DB836F8A71}.Debug|Any CPU.ActiveCfg = Debug|Any CPU
		{A9842EE6-185C-E2F6-B9A7-A2DB836F8A71}.Debug|Any CPU.Build.0 = Debug|Any CPU
		{A9842EE6-185C-E2F6-B9A7-A2DB836F8A71}.Release|Any CPU.ActiveCfg = Release|Any CPU
		{A9842EE6-185C-E2F6-B9A7-A2DB836F8A71}.Release|Any CPU.Build.0 = Release|Any CPU
	EndGlobalSection
	GlobalSection(SolutionProperties) = preSolution
		HideSolutionNode = FALSE
	EndGlobalSection
	GlobalSection(ExtensibilityGlobals) = postSolution
		SolutionGuid = {8F302A3D-4C6B-488F-9D3D-E36A2E3608F7}
	EndGlobalSection
EndGlobal
